
Microsoft Visual Studio Solution File, Format Version 12.00
# Visual Studio Version 16
VisualStudioVersion = 16.0.31515.178
MinimumVisualStudioVersion = 10.0.40219.1
Project("{FAE04EC0-301F-11D3-BF4B-00C04F79EFBC}") = "APICatalogoJogos", "APICatalogoJogos.csproj", "{F15A51B3-62A1-4BBA-9EE0-AEE66A73E647}"
EndProject
Global
	GlobalSection(SolutionConfigurationPlatforms) = preSolution
		Debug|Any CPU = Debug|Any CPU
		Release|Any CPU = Release|Any CPU
	EndGlobalSection
	GlobalSection(ProjectConfigurationPlatforms) = postSolution
		{F15A51B3-62A1-4BBA-9EE0-AEE66A73E647}.Debug|Any CPU.ActiveCfg = Debug|Any CPU
		{F15A51B3-62A1-4BBA-9EE0-AEE66A73E647}.Debug|Any CPU.Build.0 = Debug|Any CPU
		{F15A51B3-62A1-4BBA-9EE0-AEE66A73E647}.Release|Any CPU.ActiveCfg = Release|Any CPU
		{F15A51B3-62A1-4BBA-9EE0-AEE66A73E647}.Release|Any CPU.Build.0 = Release|Any CPU
	EndGlobalSection
	GlobalSection(SolutionProperties) = preSolution
		HideSolutionNode = FALSE
	EndGlobalSection
	GlobalSection(ExtensibilityGlobals) = postSolution
		SolutionGuid = {1ADE6B98-8DF7-4023-897C-DCDD53AAD3B8}
	EndGlobalSection
EndGlobal
